
Microsoft Visual Studio Solution File, Format Version 12.00
# Visual Studio Version 18
VisualStudioVersion = 18.0.11222.15
MinimumVisualStudioVersion = 10.0.40219.1
Project("{FAE04EC0-301F-11D3-BF4B-00C04F79EFBC}") = "FishUISample", "FishUISample\FishUISample.csproj", "{E094E676-3BFE-4DB1-8B32-502227D029BC}"
EndProject
Project("{FAE04EC0-301F-11D3-BF4B-00C04F79EFBC}") = "FishUI", "FishUI\FishUI.csproj", "{BDA59EA5-6E1C-48E3-9E4C-5045F1F2B4F3}"
EndProject
Project("{FAE04EC0-301F-11D3-BF4B-00C04F79EFBC}") = "FishUIDemos", "FishUIDemos\FishUIDemos.csproj", "{574E01C4-213C-4D6D-A40C-A7DC933FC93A}"
EndProject
Project("{FAE04EC0-301F-11D3-BF4B-00C04F79EFBC}") = "FishUIEditor", "FishUIEditor\FishUIEditor.csproj", "{8C8640B9-383F-4333-ADD6-F73262ADC26A}"
EndProject
Project("{FAE04EC0-301F-11D3-BF4B-00C04F79EFBC}") = "RaylibFishGfx", "RaylibFishUI\RaylibFishGfx.csproj", "{C03363BC-0F39-4271-A30D-11530C20C00F}"
EndProject
Project("{FAE04EC0-301F-11D3-BF4B-00C04F79EFBC}") = "NugetTest", "NugetTest\NugetTest.csproj", "{1B36CBF4-2210-4F87-B27B-E806AD54BF77}"
EndProject
Project("{FAE04EC0-301F-11D3-BF4B-00C04F79EFBC}") = "UnitTest", "UnitTest\UnitTest.csproj", "{D1BF77DD-1AFD-4A36-85E6-D2D6F0466BC3}"
EndProject
Project("{FAE04EC0-301F-11D3-BF4B-00C04F79EFBC}") = "UnityFishUI", "UnityFishUI\UnityFishUI.csproj", "{E8B3784A-007B-4622-914B-28BA7D64383A}"
EndProject
Global
	GlobalSection(SolutionConfigurationPlatforms) = preSolution
		Debug|Any CPU = Debug|Any CPU
		Release|Any CPU = Release|Any CPU
	EndGlobalSection
	GlobalSection(ProjectConfigurationPlatforms) = postSolution
		{E094E676-3BFE-4DB1-8B32-502227D029BC}.Debug|Any CPU.ActiveCfg = Debug|Any CPU
		{E094E676-3BFE-4DB1-8B32-502227D029BC}.Debug|Any CPU.Build.0 = Debug|Any CPU
		{E094E676-3BFE-4DB1-8B32-502227D029BC}.Release|Any CPU.ActiveCfg = Release|Any CPU
		{E094E676-3BFE-4DB1-8B32-502227D029BC}.Release|Any CPU.Build.0 = Release|Any CPU
		{BDA59EA5-6E1C-48E3-9E4C-5045F1F2B4F3}.Debug|Any CPU.ActiveCfg = Debug|Any CPU
		{BDA59EA5-6E1C-48E3-9E4C-5045F1F2B4F3}.Debug|Any CPU.Build.0 = Debug|Any CPU
		{BDA59EA5-6E1C-48E3-9E4C-5045F1F2B4F3}.Release|Any CPU.ActiveCfg = Release|Any CPU
		{BDA59EA5-6E1C-48E3-9E4C-5045F1F2B4F3}.Release|Any CPU.Build.0 = Release|Any CPU
		{574E01C4-213C-4D6D-A40C-A7DC933FC93A}.Debug|Any CPU.ActiveCfg = Debug|Any CPU
		{574E01C4-213C-4D6D-A40C-A7DC933FC93A}.Debug|Any CPU.Build.0 = Debug|Any CPU
		{574E01C4-213C-4D6D-A40C-A7DC933FC93A}.Release|Any CPU.ActiveCfg = Release|Any CPU
		{574E01C4-213C-4D6D-A40C-A7DC933FC93A}.Release|Any CPU.Build.0 = Release|Any CPU
		{8C8640B9-383F-4333-ADD6-F73262ADC26A}.Debug|Any CPU.ActiveCfg = Debug|Any CPU
		{8C8640B9-383F-4333-ADD6-F73262ADC26A}.Debug|Any CPU.Build.0 = Debug|Any CPU
		{8C8640B9-383F-4333-ADD6-F73262ADC26A}.Release|Any CPU.ActiveCfg = Release|Any CPU
		{8C8640B9-383F-4333-ADD6-F73262ADC26A}.Release|Any CPU.Build.0 = Release|Any CPU
		{C03363BC-0F39-4271-A30D-11530C20C00F}.Debug|Any CPU.ActiveCfg = Debug|Any CPU
		{C03363BC-0F39-4271-A30D-11530C20C00F}.Debug|Any CPU.Build.0 = Debug|Any CPU
		{C03363BC-0F39-4271-A30D-11530C20C00F}.Release|Any CPU.ActiveCfg = Release|Any CPU
		{C03363BC-0F39-4271-A30D-11530C20C00F}.Release|Any CPU.Build.0 = Release|Any CPU
		{1B36CBF4-2210-4F87-B27B-E806AD54BF77}.Debug|Any CPU.ActiveCfg = Debug|Any CPU
		{1B36CBF4-2210-4F87-B27B-E806AD54BF77}.Debug|Any CPU.Build.0 = Debug|Any CPU
		{1B36CBF4-2210-4F87-B27B-E806AD54BF77}.Release|Any CPU.ActiveCfg = Release|Any CPU
		{1B36CBF4-2210-4F87-B27B-E806AD54BF77}.Release|Any CPU.Build.0 = Release|Any CPU
		{D1BF77DD-1AFD-4A36-85E6-D2D6F0466BC3}.Debug|Any CPU.ActiveCfg = Debug|Any CPU
		{D1BF77DD-1AFD-4A36-85E6-D2D6F0466BC3}.Debug|Any CPU.Build.0 = Debug|Any CPU
		{D1BF77DD-1AFD-4A36-85E6-D2D6F0466BC3}.Release|Any CPU.ActiveCfg = Release|Any CPU
		{D1BF77DD-1AFD-4A36-85E6-D2D6F0466BC3}.Release|Any CPU.Build.0 = Release|Any CPU
		{E8B3784A-007B-4622-914B-28BA7D64383A}.Debug|Any CPU.ActiveCfg = Debug|Any CPU
		{E8B3784A-007B-4622-914B-28BA7D64383A}.Debug|Any CPU.Build.0 = Debug|Any CPU
		{E8B3784A-007B-4622-914B-28BA7D64383A}.Release|Any CPU.ActiveCfg = Release|Any CPU
		{E8B3784A-007B-4622-914B-28BA7D64383A}.Release|Any CPU.Build.0 = Release|Any CPU
	EndGlobalSection
	GlobalSection(SolutionProperties) = preSolution
		HideSolutionNode = FALSE
	EndGlobalSection
	GlobalSection(ExtensibilityGlobals) = postSolution
		SolutionGuid = {DBFCF952-4322-408A-936E-F0688683DFC1}
	EndGlobalSection
EndGlobal
